{
  "name": "web-interview",
  "version": "1.0.0",
  "lockfileVersion": 2,
  "requires": true,
  "packages": {
    "": {
      "name": "web-interview",
      "version": "1.0.0",
      "license": "ISC",
      "devDependencies": {
        "vue": "^2.6.11",
        "vue-router": "^3.6.5"
      }
    },
    "node_modules/vue": {
      "version": "2.6.11",
      "resolved": "https://registry.npmmirror.com/vue/-/vue-2.6.11.tgz",
      "integrity": "sha512-VfPwgcGABbGAue9+sfrD4PuwFar7gPb1yl1UK1MwXoQPAw0BKSqWfoYCT/ThFrdEVWoI51dBuyCoiNU9bZDZxQ==",
      "deprecated": "Vue 2 has reached EOL and is no longer actively maintained. See https://v2.vuejs.org/eol/ for more details.",
      "dev": true
    },
    "node_modules/vue-router": {
      "version": "3.6.5",
      "resolved": "https://registry.npmmirror.com/vue-router/-/vue-router-3.6.5.tgz",
      "integrity": "sha512-VYXZQLtjuvKxxcshuRAwjHnciqZVoXAjTjcqBTz4rKc8qih9g9pI3hbDjmqXaHdgL3v8pV6P8Z335XvHzESxLQ==",
      "dev": true
    }
  },
  "dependencies": {
    "vue": {
      "version": "2.6.11",
      "resolved": "https://registry.npmmirror.com/vue/-/vue-2.6.11.tgz",
      "integrity": "sha512-VfPwgcGABbGAue9+sfrD4PuwFar7gPb1yl1UK1MwXoQPAw0BKSqWfoYCT/ThFrdEVWoI51dBuyCoiNU9bZDZxQ==",
      "dev": true
    },
    "vue-router": {
      "version": "3.6.5",
      "resolved": "https://registry.npmmirror.com/vue-router/-/vue-router-3.6.5.tgz",
      "integrity": "sha512-VYXZQLtjuvKxxcshuRAwjHnciqZVoXAjTjcqBTz4rKc8qih9g9pI3hbDjmqXaHdgL3v8pV6P8Z335XvHzESxLQ==",
      "dev": true
    }
  }
}
