{
  "name": "web-interview",
  "version": "1.0.0",
  "lockfileVersion": 2,
  "requires": true,
  "packages": {
    "": {
      "name": "web-interview",
      "version": "1.0.0",
      "license": "ISC",
      "devDependencies": {
        "@types/vue-router": "^2.0.0",
        "vue": "^2.6.11",
        "vue-router": "^3.6.5"
      }
    },
    "node_modules/@types/vue-router": {
      "version": "2.0.0",
      "resolved": "https://registry.npmmirror.com/@types/vue-router/-/vue-router-2.0.0.tgz",
      "integrity": "sha512-E454lQ6tp9ftVWdZ8VGZpRcIV4YeqVAcx/uifl3P1GGwscYsxOFdYfgIuKasKO0Fm6Np2JM/L378D3bcRQE9hg==",
      "deprecated": "This is a stub types definition for vue-router (https://github.com/vuejs/vue-router). ecmarkup provides its own type definitions, so you don\\'t need @types/ecmarkup installed!",
      "dev": true,
      "dependencies": {
        "vue-router": "*"
      }
    },
    "node_modules/vue": {
      "version": "2.6.11",
      "resolved": "https://registry.npmmirror.com/vue/-/vue-2.6.11.tgz",
      "integrity": "sha512-VfPwgcGABbGAue9+sfrD4PuwFar7gPb1yl1UK1MwXoQPAw0BKSqWfoYCT/ThFrdEVWoI51dBuyCoiNU9bZDZxQ==",
      "deprecated": "Vue 2 has reached EOL and is no longer actively maintained. See https://v2.vuejs.org/eol/ for more details.",
      "dev": true
    },
    "node_modules/vue-router": {
      "version": "3.6.5",
      "resolved": "https://registry.npmmirror.com/vue-router/-/vue-router-3.6.5.tgz",
      "integrity": "sha512-VYXZQLtjuvKxxcshuRAwjHnciqZVoXAjTjcqBTz4rKc8qih9g9pI3hbDjmqXaHdgL3v8pV6P8Z335XvHzESxLQ==",
      "dev": true
    }
  },
  "dependencies": {
    "@types/vue-router": {
      "version": "2.0.0",
      "resolved": "https://registry.npmmirror.com/@types/vue-router/-/vue-router-2.0.0.tgz",
      "integrity": "sha512-E454lQ6tp9ftVWdZ8VGZpRcIV4YeqVAcx/uifl3P1GGwscYsxOFdYfgIuKasKO0Fm6Np2JM/L378D3bcRQE9hg==",
      "dev": true,
      "requires": {
        "vue-router": "*"
      }
    },
    "vue": {
      "version": "2.6.11",
      "resolved": "https://registry.npmmirror.com/vue/-/vue-2.6.11.tgz",
      "integrity": "sha512-VfPwgcGABbGAue9+sfrD4PuwFar7gPb1yl1UK1MwXoQPAw0BKSqWfoYCT/ThFrdEVWoI51dBuyCoiNU9bZDZxQ==",
      "dev": true
    },
    "vue-router": {
      "version": "3.6.5",
      "resolved": "https://registry.npmmirror.com/vue-router/-/vue-router-3.6.5.tgz",
      "integrity": "sha512-VYXZQLtjuvKxxcshuRAwjHnciqZVoXAjTjcqBTz4rKc8qih9g9pI3hbDjmqXaHdgL3v8pV6P8Z335XvHzESxLQ==",
      "dev": true
    }
  }
}
